Microsoft Visual Studio Solution File, Format Version 12.00
# Visual Studio Version 17
VisualStudioVersion = 17.5.2.0
MinimumVisualStudioVersion = 10.0.40219.1
Project("{FAE04EC0-301F-11D3-BF4B-00C04F79EFBC}") = "StudentsApi", "StudentsApi.csproj", "{5CCBE189-965F-AF9D-54AA-BE0E12C4CFDD}"
EndProject
Global
	GlobalSection(SolutionConfigurationPlatforms) = preSolution
		Debug|Any CPU = Debug|Any CPU
		Release|Any CPU = Release|Any CPU
	EndGlobalSection
	GlobalSection(ProjectConfigurationPlatforms) = postSolution
		{5CCBE189-965F-AF9D-54AA-BE0E12C4CFDD}.Debug|Any CPU.ActiveCfg = Debug|Any CPU
		{5CCBE189-965F-AF9D-54AA-BE0E12C4CFDD}.Debug|Any CPU.Build.0 = Debug|Any CPU
		{5CCBE189-965F-AF9D-54AA-BE0E12C4CFDD}.Release|Any CPU.ActiveCfg = Release|Any CPU
		{5CCBE189-965F-AF9D-54AA-BE0E12C4CFDD}.Release|Any CPU.Build.0 = Release|Any CPU
	EndGlobalSection
	GlobalSection(SolutionProperties) = preSolution
		HideSolutionNode = FALSE
	EndGlobalSection
	GlobalSection(ExtensibilityGlobals) = postSolution
		SolutionGuid = {7EECB3E7-0B3D-4C74-A3B3-BDA4616430DF}
	EndGlobalSection
EndGlobal
